
Microsoft Visual Studio Solution File, Format Version 12.00
# Visual Studio 15
Project("{FAE04EC0-301F-11D3-BF4B-00C04F79EFBC}") = "UnityEngine.TestRunner", "UnityEngine.TestRunner.csproj", "{855776FC-13AB-FD0A-8E9E-23003E897BD3}"
EndProject
Project("{FAE04EC0-301F-11D3-BF4B-00C04F79EFBC}") = "Unity.Mathematics", "Unity.Mathematics.csproj", "{7ECF10ED-9167-715E-6A07-5BAA0BD166CE}"
EndProject
Project("{FAE04EC0-301F-11D3-BF4B-00C04F79EFBC}") = "Unity.InputSystem", "Unity.InputSystem.csproj", "{8FBAF280-12BE-FCE8-BC3D-98A005CFD630}"
EndProject
Project("{FAE04EC0-301F-11D3-BF4B-00C04F79EFBC}") = "Unity.2D.Animation.Triangle.Runtime", "Unity.2D.Animation.Triangle.Runtime.csproj", "{DBA38750-F571-3658-F388-C349B387FCE9}"
EndProject
Project("{FAE04EC0-301F-11D3-BF4B-00C04F79EFBC}") = "Unity.Timeline", "Unity.Timeline.csproj", "{81E444A7-F485-84D4-2C5C-1A65C81095C9}"
EndProject
Project("{FAE04EC0-301F-11D3-BF4B-00C04F79EFBC}") = "UnityEngine.UI", "UnityEngine.UI.csproj", "{08887EAA-FA0E-96BF-5A1B-709900004D98}"
EndProject
Project("{FAE04EC0-301F-11D3-BF4B-00C04F79EFBC}") = "Unity.TextMeshPro", "Unity.TextMeshPro.csproj", "{3E78C9D3-AB48-C903-1E34-85CF9C464936}"
EndProject
Project("{FAE04EC0-301F-11D3-BF4B-00C04F79EFBC}") = "Unity.2D.Animation.Runtime", "Unity.2D.Animation.Runtime.csproj", "{1E89B9FF-BDEB-3256-5E34-B5383725380C}"
EndProject
Project("{FAE04EC0-301F-11D3-BF4B-00C04F79EFBC}") = "Unity.2D.IK.Runtime", "Unity.2D.IK.Runtime.csproj", "{6CA58AD3-0858-CFA1-6D0A-69A1CB757608}"
EndProject
Project("{FAE04EC0-301F-11D3-BF4B-00C04F79EFBC}") = "Assembly-CSharp", "Assembly-CSharp.csproj", "{5F6BB72E-260B-F526-DE4E-0CE215782635}"
EndProject
Project("{FAE04EC0-301F-11D3-BF4B-00C04F79EFBC}") = "Unity.2D.SpriteShape.Runtime", "Unity.2D.SpriteShape.Runtime.csproj", "{DF553EFE-8252-BFA2-4E6E-D27B6115725A}"
EndProject
Project("{FAE04EC0-301F-11D3-BF4B-00C04F79EFBC}") = "Unity.2D.PixelPerfect", "Unity.2D.PixelPerfect.csproj", "{440F41BB-8C2E-7BD7-1EA2-335348C2D1E8}"
EndProject
Project("{FAE04EC0-301F-11D3-BF4B-00C04F79EFBC}") = "Unity.2D.Common.Runtime", "Unity.2D.Common.Runtime.csproj", "{877FF849-2C11-76F6-86DC-73BE95ED02F6}"
EndProject
Project("{FAE04EC0-301F-11D3-BF4B-00C04F79EFBC}") = "Unity.InternalAPIEngineBridge.001", "Unity.InternalAPIEngineBridge.001.csproj", "{CCFC9FBF-5AB4-0D11-85D3-9ED60AD163C2}"
EndProject
Project("{FAE04EC0-301F-11D3-BF4B-00C04F79EFBC}") = "Unity.Timeline.Editor", "Unity.Timeline.Editor.csproj", "{630D02E9-2704-892A-A286-5AABB85D9ED0}"
EndProject
Project("{FAE04EC0-301F-11D3-BF4B-00C04F79EFBC}") = "Unity.TextMeshPro.Editor", "Unity.TextMeshPro.Editor.csproj", "{7D64FE08-4713-6270-D937-C1E1345C3C59}"
EndProject
Project("{FAE04EC0-301F-11D3-BF4B-00C04F79EFBC}") = "Unity.2D.Animation.Editor", "Unity.2D.Animation.Editor.csproj", "{2CFBD27C-A325-9EF9-9409-58DDE5869E67}"
EndProject
Project("{FAE04EC0-301F-11D3-BF4B-00C04F79EFBC}") = "UnityEditor.TestRunner", "UnityEditor.TestRunner.csproj", "{0B10C36C-54EE-B14E-736D-CB5DD839733D}"
EndProject
Project("{FAE04EC0-301F-11D3-BF4B-00C04F79EFBC}") = "Unity.PlasticSCM.Editor", "Unity.PlasticSCM.Editor.csproj", "{EE406DC0-5A18-949E-2DC2-39071596E8BC}"
EndProject
Project("{FAE04EC0-301F-11D3-BF4B-00C04F79EFBC}") = "UnityEditor.UI", "UnityEditor.UI.csproj", "{2569064F-544B-4EB7-AFC4-F30973E32D93}"
EndProject
Project("{FAE04EC0-301F-11D3-BF4B-00C04F79EFBC}") = "Unity.Services.Core.Editor", "Unity.Services.Core.Editor.csproj", "{C7C1EB55-E417-69B2-271A-69F2B7642944}"
EndProject
Project("{FAE04EC0-301F-11D3-BF4B-00C04F79EFBC}") = "Unity.VisualStudio.Editor", "Unity.VisualStudio.Editor.csproj", "{16990B47-86A1-FF3E-7124-4DD08E4C4388}"
EndProject
Project("{FAE04EC0-301F-11D3-BF4B-00C04F79EFBC}") = "Unity.2D.Psdimporter.Editor", "Unity.2D.Psdimporter.Editor.csproj", "{1D4FAC63-CDDB-3AD2-4338-ED234D5F2D46}"
EndProject
Project("{FAE04EC0-301F-11D3-BF4B-00C04F79EFBC}") = "Unity.2D.SpriteShape.Editor", "Unity.2D.SpriteShape.Editor.csproj", "{DFA8B985-F370-25A6-852D-644DC1EE03EF}"
EndProject
Project("{FAE04EC0-301F-11D3-BF4B-00C04F79EFBC}") = "Unity.CollabProxy.Editor", "Unity.CollabProxy.Editor.csproj", "{C4AD343C-1076-B1F4-6838-F50EBE4A50AF}"
EndProject
Project("{FAE04EC0-301F-11D3-BF4B-00C04F79EFBC}") = "PsdPlugin", "PsdPlugin.csproj", "{68B310F4-9C17-0EE6-2CD9-869CB836BBDC}"
EndProject
Project("{FAE04EC0-301F-11D3-BF4B-00C04F79EFBC}") = "Unity.2D.Path.Editor", "Unity.2D.Path.Editor.csproj", "{1D0E7A8E-058A-046E-A0C5-173E9CAE4647}"
EndProject
Project("{FAE04EC0-301F-11D3-BF4B-00C04F79EFBC}") = "Unity.Rider.Editor", "Unity.Rider.Editor.csproj", "{A94B5687-9DF6-F912-51B3-D4F4CB4584AC}"
EndProject
Project("{FAE04EC0-301F-11D3-BF4B-00C04F79EFBC}") = "Unity.2D.IK.Editor", "Unity.2D.IK.Editor.csproj", "{C82AD8FC-0351-2F03-68F4-7B65967C75EF}"
EndProject
Project("{FAE04EC0-301F-11D3-BF4B-00C04F79EFBC}") = "Unity.SysrootPackage.Editor", "Unity.SysrootPackage.Editor.csproj", "{151EA2BB-FE7C-E0F5-8A0D-189FAF5DBF10}"
EndProject
Project("{FAE04EC0-301F-11D3-BF4B-00C04F79EFBC}") = "Unity.2D.Sprite.Editor", "Unity.2D.Sprite.Editor.csproj", "{ABBC9625-F147-78B6-AF3D-C7A8B17790A3}"
EndProject
Project("{FAE04EC0-301F-11D3-BF4B-00C04F79EFBC}") = "Unity.2D.Tilemap.Editor", "Unity.2D.Tilemap.Editor.csproj", "{1EB828A1-8E41-7BD8-A004-CC55CDED1865}"
EndProject
Project("{FAE04EC0-301F-11D3-BF4B-00C04F79EFBC}") = "Unity.2D.PixelPerfect.Editor", "Unity.2D.PixelPerfect.Editor.csproj", "{EA04D955-5431-931E-2281-8C7F4E2BACC9}"
EndProject
Project("{FAE04EC0-301F-11D3-BF4B-00C04F79EFBC}") = "Unity.VSCode.Editor", "Unity.VSCode.Editor.csproj", "{2AB89F6E-2AF8-B410-62AD-D6E38E5FEB3A}"
EndProject
Project("{FAE04EC0-301F-11D3-BF4B-00C04F79EFBC}") = "Unity.Toolchain.Win-x86_64-Linux-x86_64", "Unity.Toolchain.Win-x86_64-Linux-x86_64.csproj", "{30C16E93-AA88-8C3F-E53C-35C879325C1B}"
EndProject
Project("{FAE04EC0-301F-11D3-BF4B-00C04F79EFBC}") = "Unity.2D.Common.Editor", "Unity.2D.Common.Editor.csproj", "{219F2BA6-A261-3F58-9C5B-6EA6EAC0614C}"
EndProject
Project("{FAE04EC0-301F-11D3-BF4B-00C04F79EFBC}") = "Unity.Mathematics.Editor", "Unity.Mathematics.Editor.csproj", "{90436D58-0714-AF43-86D0-A567724A2B84}"
EndProject
Project("{FAE04EC0-301F-11D3-BF4B-00C04F79EFBC}") = "Unity.InternalAPIEditorBridge.001", "Unity.InternalAPIEditorBridge.001.csproj", "{68BCE6EE-2E28-85B9-795F-1D4ABA6E2BB7}"
EndProject
Project("{FAE04EC0-301F-11D3-BF4B-00C04F79EFBC}") = "Unity.Sysroot.Linux_x86_64", "Unity.Sysroot.Linux_x86_64.csproj", "{C92634F8-0560-BDB4-6D0D-3492EDC902D1}"
EndProject
Project("{FAE04EC0-301F-11D3-BF4B-00C04F79EFBC}") = "UnityEngine.TestRunner", "UnityEngine.TestRunner.Player.csproj", "{5FD99898-56A3-3CAA-8676-ED4233BC5B5B}"
EndProject
Project("{FAE04EC0-301F-11D3-BF4B-00C04F79EFBC}") = "Unity.Mathematics", "Unity.Mathematics.Player.csproj", "{866D9100-C4DD-40E1-871A-38A388534EE2}"
EndProject
Project("{FAE04EC0-301F-11D3-BF4B-00C04F79EFBC}") = "Unity.InputSystem", "Unity.InputSystem.Player.csproj", "{8A18300E-D41B-1A18-8958-7270C727C6A5}"
EndProject
Project("{FAE04EC0-301F-11D3-BF4B-00C04F79EFBC}") = "Unity.2D.Animation.Triangle.Runtime", "Unity.2D.Animation.Triangle.Runtime.Player.csproj", "{EFB8DC7B-D2CA-B1E8-D65F-40DC943A0448}"
EndProject
Project("{FAE04EC0-301F-11D3-BF4B-00C04F79EFBC}") = "Unity.Timeline", "Unity.Timeline.Player.csproj", "{0295E66E-6672-8A2C-39C2-B6FBC9161BEE}"
EndProject
Project("{FAE04EC0-301F-11D3-BF4B-00C04F79EFBC}") = "UnityEngine.UI", "UnityEngine.UI.Player.csproj", "{652FBE1F-05AD-7D11-36B2-A547CAF95CED}"
EndProject
Project("{FAE04EC0-301F-11D3-BF4B-00C04F79EFBC}") = "Unity.TextMeshPro", "Unity.TextMeshPro.Player.csproj", "{637AB84A-9472-C8A6-54A9-44AB432AD6FB}"
EndProject
Project("{FAE04EC0-301F-11D3-BF4B-00C04F79EFBC}") = "Unity.2D.Animation.Runtime", "Unity.2D.Animation.Runtime.Player.csproj", "{4B69D0C5-1627-49B5-663F-F11BB3E46879}"
EndProject
Project("{FAE04EC0-301F-11D3-BF4B-00C04F79EFBC}") = "Unity.2D.IK.Runtime", "Unity.2D.IK.Runtime.Player.csproj", "{B8AF0683-49A2-42F1-C79A-8CC9AE7FAD96}"
EndProject
Project("{FAE04EC0-301F-11D3-BF4B-00C04F79EFBC}") = "Assembly-CSharp", "Assembly-CSharp.Player.csproj", "{0649F928-1BC7-71B6-02FD-CF96B2E6F611}"
EndProject
Project("{FAE04EC0-301F-11D3-BF4B-00C04F79EFBC}") = "Unity.2D.SpriteShape.Runtime", "Unity.2D.SpriteShape.Runtime.Player.csproj", "{E53A1D52-009F-A012-E294-F05112487C75}"
EndProject
Project("{FAE04EC0-301F-11D3-BF4B-00C04F79EFBC}") = "Unity.2D.PixelPerfect", "Unity.2D.PixelPerfect.Player.csproj", "{80054C7B-94F9-62B7-9B9D-E9F9D7D7DFF1}"
EndProject
Project("{FAE04EC0-301F-11D3-BF4B-00C04F79EFBC}") = "Unity.2D.Common.Runtime", "Unity.2D.Common.Runtime.Player.csproj", "{6F08174B-E983-9B33-4DAF-1ABF7587E601}"
EndProject
Project("{FAE04EC0-301F-11D3-BF4B-00C04F79EFBC}") = "Unity.InternalAPIEngineBridge.001", "Unity.InternalAPIEngineBridge.001.Player.csproj", "{5D0DAA7D-9615-BEF1-C55F-D1CE6222C748}"
EndProject
Global
	GlobalSection(SolutionConfigurationPlatforms) = preSolution
		Debug|Any CPU = Debug|Any CPU
		Release|Any CPU = Release|Any CPU
	EndGlobalSection
	GlobalSection(ProjectConfigurationPlatforms) = postSolution
		{855776FC-13AB-FD0A-8E9E-23003E897BD3}.Debug|Any CPU.ActiveCfg = Debug|Any CPU
		{855776FC-13AB-FD0A-8E9E-23003E897BD3}.Debug|Any CPU.Build.0 = Debug|Any CPU
		{855776FC-13AB-FD0A-8E9E-23003E897BD3}.Release|Any CPU.ActiveCfg = Release|Any CPU
		{855776FC-13AB-FD0A-8E9E-23003E897BD3}.Release|Any CPU.Build.0 = Release|Any CPU
		{7ECF10ED-9167-715E-6A07-5BAA0BD166CE}.Debug|Any CPU.ActiveCfg = Debug|Any CPU
		{7ECF10ED-9167-715E-6A07-5BAA0BD166CE}.Debug|Any CPU.Build.0 = Debug|Any CPU
		{7ECF10ED-9167-715E-6A07-5BAA0BD166CE}.Release|Any CPU.ActiveCfg = Release|Any CPU
		{7ECF10ED-9167-715E-6A07-5BAA0BD166CE}.Release|Any CPU.Build.0 = Release|Any CPU
		{8FBAF280-12BE-FCE8-BC3D-98A005CFD630}.Debug|Any CPU.ActiveCfg = Debug|Any CPU
		{8FBAF280-12BE-FCE8-BC3D-98A005CFD630}.Debug|Any CPU.Build.0 = Debug|Any CPU
		{8FBAF280-12BE-FCE8-BC3D-98A005CFD630}.Release|Any CPU.ActiveCfg = Release|Any CPU
		{8FBAF280-12BE-FCE8-BC3D-98A005CFD630}.Release|Any CPU.Build.0 = Release|Any CPU
		{DBA38750-F571-3658-F388-C349B387FCE9}.Debug|Any CPU.ActiveCfg = Debug|Any CPU
		{DBA38750-F571-3658-F388-C349B387FCE9}.Debug|Any CPU.Build.0 = Debug|Any CPU
		{DBA38750-F571-3658-F388-C349B387FCE9}.Release|Any CPU.ActiveCfg = Release|Any CPU
		{DBA38750-F571-3658-F388-C349B387FCE9}.Release|Any CPU.Build.0 = Release|Any CPU
		{81E444A7-F485-84D4-2C5C-1A65C81095C9}.Debug|Any CPU.ActiveCfg = Debug|Any CPU
		{81E444A7-F485-84D4-2C5C-1A65C81095C9}.Debug|Any CPU.Build.0 = Debug|Any CPU
		{81E444A7-F485-84D4-2C5C-1A65C81095C9}.Release|Any CPU.ActiveCfg = Release|Any CPU
		{81E444A7-F485-84D4-2C5C-1A65C81095C9}.Release|Any CPU.Build.0 = Release|Any CPU
		{08887EAA-FA0E-96BF-5A1B-709900004D98}.Debug|Any CPU.ActiveCfg = Debug|Any CPU
		{08887EAA-FA0E-96BF-5A1B-709900004D98}.Debug|Any CPU.Build.0 = Debug|Any CPU
		{08887EAA-FA0E-96BF-5A1B-709900004D98}.Release|Any CPU.ActiveCfg = Release|Any CPU
		{08887EAA-FA0E-96BF-5A1B-709900004D98}.Release|Any CPU.Build.0 = Release|Any CPU
		{3E78C9D3-AB48-C903-1E34-85CF9C464936}.Debug|Any CPU.ActiveCfg = Debug|Any CPU
		{3E78C9D3-AB48-C903-1E34-85CF9C464936}.Debug|Any CPU.Build.0 = Debug|Any CPU
		{3E78C9D3-AB48-C903-1E34-85CF9C464936}.Release|Any CPU.ActiveCfg = Release|Any CPU
		{3E78C9D3-AB48-C903-1E34-85CF9C464936}.Release|Any CPU.Build.0 = Release|Any CPU
		{1E89B9FF-BDEB-3256-5E34-B5383725380C}.Debug|Any CPU.ActiveCfg = Debug|Any CPU
		{1E89B9FF-BDEB-3256-5E34-B5383725380C}.Debug|Any CPU.Build.0 = Debug|Any CPU
		{1E89B9FF-BDEB-3256-5E34-B5383725380C}.Release|Any CPU.ActiveCfg = Release|Any CPU
		{1E89B9FF-BDEB-3256-5E34-B5383725380C}.Release|Any CPU.Build.0 = Release|Any CPU
		{6CA58AD3-0858-CFA1-6D0A-69A1CB757608}.Debug|Any CPU.ActiveCfg = Debug|Any CPU
		{6CA58AD3-0858-CFA1-6D0A-69A1CB757608}.Debug|Any CPU.Build.0 = Debug|Any CPU
		{6CA58AD3-0858-CFA1-6D0A-69A1CB757608}.Release|Any CPU.ActiveCfg = Release|Any CPU
		{6CA58AD3-0858-CFA1-6D0A-69A1CB757608}.Release|Any CPU.Build.0 = Release|Any CPU
		{5F6BB72E-260B-F526-DE4E-0CE215782635}.Debug|Any CPU.ActiveCfg = Debug|Any CPU
		{5F6BB72E-260B-F526-DE4E-0CE215782635}.Debug|Any CPU.Build.0 = Debug|Any CPU
		{5F6BB72E-260B-F526-DE4E-0CE215782635}.Release|Any CPU.ActiveCfg = Release|Any CPU
		{5F6BB72E-260B-F526-DE4E-0CE215782635}.Release|Any CPU.Build.0 = Release|Any CPU
		{DF553EFE-8252-BFA2-4E6E-D27B6115725A}.Debug|Any CPU.ActiveCfg = Debug|Any CPU
		{DF553EFE-8252-BFA2-4E6E-D27B6115725A}.Debug|Any CPU.Build.0 = Debug|Any CPU
		{DF553EFE-8252-BFA2-4E6E-D27B6115725A}.Release|Any CPU.ActiveCfg = Release|Any CPU
		{DF553EFE-8252-BFA2-4E6E-D27B6115725A}.Release|Any CPU.Build.0 = Release|Any CPU
		{440F41BB-8C2E-7BD7-1EA2-335348C2D1E8}.Debug|Any CPU.ActiveCfg = Debug|Any CPU
		{440F41BB-8C2E-7BD7-1EA2-335348C2D1E8}.Debug|Any CPU.Build.0 = Debug|Any CPU
		{440F41BB-8C2E-7BD7-1EA2-335348C2D1E8}.Release|Any CPU.ActiveCfg = Release|Any CPU
		{440F41BB-8C2E-7BD7-1EA2-335348C2D1E8}.Release|Any CPU.Build.0 = Release|Any CPU
		{877FF849-2C11-76F6-86DC-73BE95ED02F6}.Debug|Any CPU.ActiveCfg = Debug|Any CPU
		{877FF849-2C11-76F6-86DC-73BE95ED02F6}.Debug|Any CPU.Build.0 = Debug|Any CPU
		{877FF849-2C11-76F6-86DC-73BE95ED02F6}.Release|Any CPU.ActiveCfg = Release|Any CPU
		{877FF849-2C11-76F6-86DC-73BE95ED02F6}.Release|Any CPU.Build.0 = Release|Any CPU
		{CCFC9FBF-5AB4-0D11-85D3-9ED60AD163C2}.Debug|Any CPU.ActiveCfg = Debug|Any CPU
		{CCFC9FBF-5AB4-0D11-85D3-9ED60AD163C2}.Debug|Any CPU.Build.0 = Debug|Any CPU
		{CCFC9FBF-5AB4-0D11-85D3-9ED60AD163C2}.Release|Any CPU.ActiveCfg = Release|Any CPU
		{CCFC9FBF-5AB4-0D11-85D3-9ED60AD163C2}.Release|Any CPU.Build.0 = Release|Any CPU
		{630D02E9-2704-892A-A286-5AABB85D9ED0}.Debug|Any CPU.ActiveCfg = Debug|Any CPU
		{630D02E9-2704-892A-A286-5AABB85D9ED0}.Debug|Any CPU.Build.0 = Debug|Any CPU
		{630D02E9-2704-892A-A286-5AABB85D9ED0}.Release|Any CPU.ActiveCfg = Release|Any CPU
		{630D02E9-2704-892A-A286-5AABB85D9ED0}.Release|Any CPU.Build.0 = Release|Any CPU
		{7D64FE08-4713-6270-D937-C1E1345C3C59}.Debug|Any CPU.ActiveCfg = Debug|Any CPU
		{7D64FE08-4713-6270-D937-C1E1345C3C59}.Debug|Any CPU.Build.0 = Debug|Any CPU
		{7D64FE08-4713-6270-D937-C1E1345C3C59}.Release|Any CPU.ActiveCfg = Release|Any CPU
		{7D64FE08-4713-6270-D937-C1E1345C3C59}.Release|Any CPU.Build.0 = Release|Any CPU
		{2CFBD27C-A325-9EF9-9409-58DDE5869E67}.Debug|Any CPU.ActiveCfg = Debug|Any CPU
		{2CFBD27C-A325-9EF9-9409-58DDE5869E67}.Debug|Any CPU.Build.0 = Debug|Any CPU
		{2CFBD27C-A325-9EF9-9409-58DDE5869E67}.Release|Any CPU.ActiveCfg = Release|Any CPU
		{2CFBD27C-A325-9EF9-9409-58DDE5869E67}.Release|Any CPU.Build.0 = Release|Any CPU
		{0B10C36C-54EE-B14E-736D-CB5DD839733D}.Debug|Any CPU.ActiveCfg = Debug|Any CPU
		{0B10C36C-54EE-B14E-736D-CB5DD839733D}.Debug|Any CPU.Build.0 = Debug|Any CPU
		{0B10C36C-54EE-B14E-736D-CB5DD839733D}.Release|Any CPU.ActiveCfg = Release|Any CPU
		{0B10C36C-54EE-B14E-736D-CB5DD839733D}.Release|Any CPU.Build.0 = Release|Any CPU
		{EE406DC0-5A18-949E-2DC2-39071596E8BC}.Debug|Any CPU.ActiveCfg = Debug|Any CPU
		{EE406DC0-5A18-949E-2DC2-39071596E8BC}.Debug|Any CPU.Build.0 = Debug|Any CPU
		{EE406DC0-5A18-949E-2DC2-39071596E8BC}.Release|Any CPU.ActiveCfg = Release|Any CPU
		{EE406DC0-5A18-949E-2DC2-39071596E8BC}.Release|Any CPU.Build.0 = Release|Any CPU
		{2569064F-544B-4EB7-AFC4-F30973E32D93}.Debug|Any CPU.ActiveCfg = Debug|Any CPU
		{2569064F-544B-4EB7-AFC4-F30973E32D93}.Debug|Any CPU.Build.0 = Debug|Any CPU
		{2569064F-544B-4EB7-AFC4-F30973E32D93}.Release|Any CPU.ActiveCfg = Release|Any CPU
		{2569064F-544B-4EB7-AFC4-F30973E32D93}.Release|Any CPU.Build.0 = Release|Any CPU
		{C7C1EB55-E417-69B2-271A-69F2B7642944}.Debug|Any CPU.ActiveCfg = Debug|Any CPU
		{C7C1EB55-E417-69B2-271A-69F2B7642944}.Debug|Any CPU.Build.0 = Debug|Any CPU
		{C7C1EB55-E417-69B2-271A-69F2B7642944}.Release|Any CPU.ActiveCfg = Release|Any CPU
		{C7C1EB55-E417-69B2-271A-69F2B7642944}.Release|Any CPU.Build.0 = Release|Any CPU
		{16990B47-86A1-FF3E-7124-4DD08E4C4388}.Debug|Any CPU.ActiveCfg = Debug|Any CPU
		{16990B47-86A1-FF3E-7124-4DD08E4C4388}.Debug|Any CPU.Build.0 = Debug|Any CPU
		{16990B47-86A1-FF3E-7124-4DD08E4C4388}.Release|Any CPU.ActiveCfg = Release|Any CPU
		{16990B47-86A1-FF3E-7124-4DD08E4C4388}.Release|Any CPU.Build.0 = Release|Any CPU
		{1D4FAC63-CDDB-3AD2-4338-ED234D5F2D46}.Debug|Any CPU.ActiveCfg = Debug|Any CPU
		{1D4FAC63-CDDB-3AD2-4338-ED234D5F2D46}.Debug|Any CPU.Build.0 = Debug|Any CPU
		{1D4FAC63-CDDB-3AD2-4338-ED234D5F2D46}.Release|Any CPU.ActiveCfg = Release|Any CPU
		{1D4FAC63-CDDB-3AD2-4338-ED234D5F2D46}.Release|Any CPU.Build.0 = Release|Any CPU
		{DFA8B985-F370-25A6-852D-644DC1EE03EF}.Debug|Any CPU.ActiveCfg = Debug|Any CPU
		{DFA8B985-F370-25A6-852D-644DC1EE03EF}.Debug|Any CPU.Build.0 = Debug|Any CPU
		{DFA8B985-F370-25A6-852D-644DC1EE03EF}.Release|Any CPU.ActiveCfg = Release|Any CPU
		{DFA8B985-F370-25A6-852D-644DC1EE03EF}.Release|Any CPU.Build.0 = Release|Any CPU
		{C4AD343C-1076-B1F4-6838-F50EBE4A50AF}.Debug|Any CPU.ActiveCfg = Debug|Any CPU
		{C4AD343C-1076-B1F4-6838-F50EBE4A50AF}.Debug|Any CPU.Build.0 = Debug|Any CPU
		{C4AD343C-1076-B1F4-6838-F50EBE4A50AF}.Release|Any CPU.ActiveCfg = Release|Any CPU
		{C4AD343C-1076-B1F4-6838-F50EBE4A50AF}.Release|Any CPU.Build.0 = Release|Any CPU
		{68B310F4-9C17-0EE6-2CD9-869CB836BBDC}.Debug|Any CPU.ActiveCfg = Debug|Any CPU
		{68B310F4-9C17-0EE6-2CD9-869CB836BBDC}.Debug|Any CPU.Build.0 = Debug|Any CPU
		{68B310F4-9C17-0EE6-2CD9-869CB836BBDC}.Release|Any CPU.ActiveCfg = Release|Any CPU
		{68B310F4-9C17-0EE6-2CD9-869CB836BBDC}.Release|Any CPU.Build.0 = Release|Any CPU
		{1D0E7A8E-058A-046E-A0C5-173E9CAE4647}.Debug|Any CPU.ActiveCfg = Debug|Any CPU
		{1D0E7A8E-058A-046E-A0C5-173E9CAE4647}.Debug|Any CPU.Build.0 = Debug|Any CPU
		{1D0E7A8E-058A-046E-A0C5-173E9CAE4647}.Release|Any CPU.ActiveCfg = Release|Any CPU
		{1D0E7A8E-058A-046E-A0C5-173E9CAE4647}.Release|Any CPU.Build.0 = Release|Any CPU
		{A94B5687-9DF6-F912-51B3-D4F4CB4584AC}.Debug|Any CPU.ActiveCfg = Debug|Any CPU
		{A94B5687-9DF6-F912-51B3-D4F4CB4584AC}.Debug|Any CPU.Build.0 = Debug|Any CPU
		{A94B5687-9DF6-F912-51B3-D4F4CB4584AC}.Release|Any CPU.ActiveCfg = Release|Any CPU
		{A94B5687-9DF6-F912-51B3-D4F4CB4584AC}.Release|Any CPU.Build.0 = Release|Any CPU
		{C82AD8FC-0351-2F03-68F4-7B65967C75EF}.Debug|Any CPU.ActiveCfg = Debug|Any CPU
		{C82AD8FC-0351-2F03-68F4-7B65967C75EF}.Debug|Any CPU.Build.0 = Debug|Any CPU
		{C82AD8FC-0351-2F03-68F4-7B65967C75EF}.Release|Any CPU.ActiveCfg = Release|Any CPU
		{C82AD8FC-0351-2F03-68F4-7B65967C75EF}.Release|Any CPU.Build.0 = Release|Any CPU
		{151EA2BB-FE7C-E0F5-8A0D-189FAF5DBF10}.Debug|Any CPU.ActiveCfg = Debug|Any CPU
		{151EA2BB-FE7C-E0F5-8A0D-189FAF5DBF10}.Debug|Any CPU.Build.0 = Debug|Any CPU
		{151EA2BB-FE7C-E0F5-8A0D-189FAF5DBF10}.Release|Any CPU.ActiveCfg = Release|Any CPU
		{151EA2BB-FE7C-E0F5-8A0D-189FAF5DBF10}.Release|Any CPU.Build.0 = Release|Any CPU
		{ABBC9625-F147-78B6-AF3D-C7A8B17790A3}.Debug|Any CPU.ActiveCfg = Debug|Any CPU
		{ABBC9625-F147-78B6-AF3D-C7A8B17790A3}.Debug|Any CPU.Build.0 = Debug|Any CPU
		{ABBC9625-F147-78B6-AF3D-C7A8B17790A3}.Release|Any CPU.ActiveCfg = Release|Any CPU
		{ABBC9625-F147-78B6-AF3D-C7A8B17790A3}.Release|Any CPU.Build.0 = Release|Any CPU
		{1EB828A1-8E41-7BD8-A004-CC55CDED1865}.Debug|Any CPU.ActiveCfg = Debug|Any CPU
		{1EB828A1-8E41-7BD8-A004-CC55CDED1865}.Debug|Any CPU.Build.0 = Debug|Any CPU
		{1EB828A1-8E41-7BD8-A004-CC55CDED1865}.Release|Any CPU.ActiveCfg = Release|Any CPU
		{1EB828A1-8E41-7BD8-A004-CC55CDED1865}.Release|Any CPU.Build.0 = Release|Any CPU
		{EA04D955-5431-931E-2281-8C7F4E2BACC9}.Debug|Any CPU.ActiveCfg = Debug|Any CPU
		{EA04D955-5431-931E-2281-8C7F4E2BACC9}.Debug|Any CPU.Build.0 = Debug|Any CPU
		{EA04D955-5431-931E-2281-8C7F4E2BACC9}.Release|Any CPU.ActiveCfg = Release|Any CPU
		{EA04D955-5431-931E-2281-8C7F4E2BACC9}.Release|Any CPU.Build.0 = Release|Any CPU
		{2AB89F6E-2AF8-B410-62AD-D6E38E5FEB3A}.Debug|Any CPU.ActiveCfg = Debug|Any CPU
		{2AB89F6E-2AF8-B410-62AD-D6E38E5FEB3A}.Debug|Any CPU.Build.0 = Debug|Any CPU
		{2AB89F6E-2AF8-B410-62AD-D6E38E5FEB3A}.Release|Any CPU.ActiveCfg = Release|Any CPU
		{2AB89F6E-2AF8-B410-62AD-D6E38E5FEB3A}.Release|Any CPU.Build.0 = Release|Any CPU
		{30C16E93-AA88-8C3F-E53C-35C879325C1B}.Debug|Any CPU.ActiveCfg = Debug|Any CPU
		{30C16E93-AA88-8C3F-E53C-35C879325C1B}.Debug|Any CPU.Build.0 = Debug|Any CPU
		{30C16E93-AA88-8C3F-E53C-35C879325C1B}.Release|Any CPU.ActiveCfg = Release|Any CPU
		{30C16E93-AA88-8C3F-E53C-35C879325C1B}.Release|Any CPU.Build.0 = Release|Any CPU
		{219F2BA6-A261-3F58-9C5B-6EA6EAC0614C}.Debug|Any CPU.ActiveCfg = Debug|Any CPU
		{219F2BA6-A261-3F58-9C5B-6EA6EAC0614C}.Debug|Any CPU.Build.0 = Debug|Any CPU
		{219F2BA6-A261-3F58-9C5B-6EA6EAC0614C}.Release|Any CPU.ActiveCfg = Release|Any CPU
		{219F2BA6-A261-3F58-9C5B-6EA6EAC0614C}.Release|Any CPU.Build.0 = Release|Any CPU
		{90436D58-0714-AF43-86D0-A567724A2B84}.Debug|Any CPU.ActiveCfg = Debug|Any CPU
		{90436D58-0714-AF43-86D0-A567724A2B84}.Debug|Any CPU.Build.0 = Debug|Any CPU
		{90436D58-0714-AF43-86D0-A567724A2B84}.Release|Any CPU.ActiveCfg = Release|Any CPU
		{90436D58-0714-AF43-86D0-A567724A2B84}.Release|Any CPU.Build.0 = Release|Any CPU
		{68BCE6EE-2E28-85B9-795F-1D4ABA6E2BB7}.Debug|Any CPU.ActiveCfg = Debug|Any CPU
		{68BCE6EE-2E28-85B9-795F-1D4ABA6E2BB7}.Debug|Any CPU.Build.0 = Debug|Any CPU
		{68BCE6EE-2E28-85B9-795F-1D4ABA6E2BB7}.Release|Any CPU.ActiveCfg = Release|Any CPU
		{68BCE6EE-2E28-85B9-795F-1D4ABA6E2BB7}.Release|Any CPU.Build.0 = Release|Any CPU
		{C92634F8-0560-BDB4-6D0D-3492EDC902D1}.Debug|Any CPU.ActiveCfg = Debug|Any CPU
		{C92634F8-0560-BDB4-6D0D-3492EDC902D1}.Debug|Any CPU.Build.0 = Debug|Any CPU
		{C92634F8-0560-BDB4-6D0D-3492EDC902D1}.Release|Any CPU.ActiveCfg = Release|Any CPU
		{C92634F8-0560-BDB4-6D0D-3492EDC902D1}.Release|Any CPU.Build.0 = Release|Any CPU
		{5FD99898-56A3-3CAA-8676-ED4233BC5B5B}.Debug|Any CPU.ActiveCfg = Debug|Any CPU
		{5FD99898-56A3-3CAA-8676-ED4233BC5B5B}.Debug|Any CPU.Build.0 = Debug|Any CPU
		{5FD99898-56A3-3CAA-8676-ED4233BC5B5B}.Release|Any CPU.ActiveCfg = Release|Any CPU
		{5FD99898-56A3-3CAA-8676-ED4233BC5B5B}.Release|Any CPU.Build.0 = Release|Any CPU
		{866D9100-C4DD-40E1-871A-38A388534EE2}.Debug|Any CPU.ActiveCfg = Debug|Any CPU
		{866D9100-C4DD-40E1-871A-38A388534EE2}.Debug|Any CPU.Build.0 = Debug|Any CPU
		{866D9100-C4DD-40E1-871A-38A388534EE2}.Release|Any CPU.ActiveCfg = Release|Any CPU
		{866D9100-C4DD-40E1-871A-38A388534EE2}.Release|Any CPU.Build.0 = Release|Any CPU
		{8A18300E-D41B-1A18-8958-7270C727C6A5}.Debug|Any CPU.ActiveCfg = Debug|Any CPU
		{8A18300E-D41B-1A18-8958-7270C727C6A5}.Debug|Any CPU.Build.0 = Debug|Any CPU
		{8A18300E-D41B-1A18-8958-7270C727C6A5}.Release|Any CPU.ActiveCfg = Release|Any CPU
		{8A18300E-D41B-1A18-8958-7270C727C6A5}.Release|Any CPU.Build.0 = Release|Any CPU
		{EFB8DC7B-D2CA-B1E8-D65F-40DC943A0448}.Debug|Any CPU.ActiveCfg = Debug|Any CPU
		{EFB8DC7B-D2CA-B1E8-D65F-40DC943A0448}.Debug|Any CPU.Build.0 = Debug|Any CPU
		{EFB8DC7B-D2CA-B1E8-D65F-40DC943A0448}.Release|Any CPU.ActiveCfg = Release|Any CPU
		{EFB8DC7B-D2CA-B1E8-D65F-40DC943A0448}.Release|Any CPU.Build.0 = Release|Any CPU
		{0295E66E-6672-8A2C-39C2-B6FBC9161BEE}.Debug|Any CPU.ActiveCfg = Debug|Any CPU
		{0295E66E-6672-8A2C-39C2-B6FBC9161BEE}.Debug|Any CPU.Build.0 = Debug|Any CPU
		{0295E66E-6672-8A2C-39C2-B6FBC9161BEE}.Release|Any CPU.ActiveCfg = Release|Any CPU
		{0295E66E-6672-8A2C-39C2-B6FBC9161BEE}.Release|Any CPU.Build.0 = Release|Any CPU
		{652FBE1F-05AD-7D11-36B2-A547CAF95CED}.Debug|Any CPU.ActiveCfg = Debug|Any CPU
		{652FBE1F-05AD-7D11-36B2-A547CAF95CED}.Debug|Any CPU.Build.0 = Debug|Any CPU
		{652FBE1F-05AD-7D11-36B2-A547CAF95CED}.Release|Any CPU.ActiveCfg = Release|Any CPU
		{652FBE1F-05AD-7D11-36B2-A547CAF95CED}.Release|Any CPU.Build.0 = Release|Any CPU
		{637AB84A-9472-C8A6-54A9-44AB432AD6FB}.Debug|Any CPU.ActiveCfg = Debug|Any CPU
		{637AB84A-9472-C8A6-54A9-44AB432AD6FB}.Debug|Any CPU.Build.0 = Debug|Any CPU
		{637AB84A-9472-C8A6-54A9-44AB432AD6FB}.Release|Any CPU.ActiveCfg = Release|Any CPU
		{637AB84A-9472-C8A6-54A9-44AB432AD6FB}.Release|Any CPU.Build.0 = Release|Any CPU
		{4B69D0C5-1627-49B5-663F-F11BB3E46879}.Debug|Any CPU.ActiveCfg = Debug|Any CPU
		{4B69D0C5-1627-49B5-663F-F11BB3E46879}.Debug|Any CPU.Build.0 = Debug|Any CPU
		{4B69D0C5-1627-49B5-663F-F11BB3E46879}.Release|Any CPU.ActiveCfg = Release|Any CPU
		{4B69D0C5-1627-49B5-663F-F11BB3E46879}.Release|Any CPU.Build.0 = Release|Any CPU
		{B8AF0683-49A2-42F1-C79A-8CC9AE7FAD96}.Debug|Any CPU.ActiveCfg = Debug|Any CPU
		{B8AF0683-49A2-42F1-C79A-8CC9AE7FAD96}.Debug|Any CPU.Build.0 = Debug|Any CPU
		{B8AF0683-49A2-42F1-C79A-8CC9AE7FAD96}.Release|Any CPU.ActiveCfg = Release|Any CPU
		{B8AF0683-49A2-42F1-C79A-8CC9AE7FAD96}.Release|Any CPU.Build.0 = Release|Any CPU
		{0649F928-1BC7-71B6-02FD-CF96B2E6F611}.Debug|Any CPU.ActiveCfg = Debug|Any CPU
		{0649F928-1BC7-71B6-02FD-CF96B2E6F611}.Debug|Any CPU.Build.0 = Debug|Any CPU
		{0649F928-1BC7-71B6-02FD-CF96B2E6F611}.Release|Any CPU.ActiveCfg = Release|Any CPU
		{0649F928-1BC7-71B6-02FD-CF96B2E6F611}.Release|Any CPU.Build.0 = Release|Any CPU
		{E53A1D52-009F-A012-E294-F05112487C75}.Debug|Any CPU.ActiveCfg = Debug|Any CPU
		{E53A1D52-009F-A012-E294-F05112487C75}.Debug|Any CPU.Build.0 = Debug|Any CPU
		{E53A1D52-009F-A012-E294-F05112487C75}.Release|Any CPU.ActiveCfg = Release|Any CPU
		{E53A1D52-009F-A012-E294-F05112487C75}.Release|Any CPU.Build.0 = Release|Any CPU
		{80054C7B-94F9-62B7-9B9D-E9F9D7D7DFF1}.Debug|Any CPU.ActiveCfg = Debug|Any CPU
		{80054C7B-94F9-62B7-9B9D-E9F9D7D7DFF1}.Debug|Any CPU.Build.0 = Debug|Any CPU
		{80054C7B-94F9-62B7-9B9D-E9F9D7D7DFF1}.Release|Any CPU.ActiveCfg = Release|Any CPU
		{80054C7B-94F9-62B7-9B9D-E9F9D7D7DFF1}.Release|Any CPU.Build.0 = Release|Any CPU
		{6F08174B-E983-9B33-4DAF-1ABF7587E601}.Debug|Any CPU.ActiveCfg = Debug|Any CPU
		{6F08174B-E983-9B33-4DAF-1ABF7587E601}.Debug|Any CPU.Build.0 = Debug|Any CPU
		{6F08174B-E983-9B33-4DAF-1ABF7587E601}.Release|Any CPU.ActiveCfg = Release|Any CPU
		{6F08174B-E983-9B33-4DAF-1ABF7587E601}.Release|Any CPU.Build.0 = Release|Any CPU
		{5D0DAA7D-9615-BEF1-C55F-D1CE6222C748}.Debug|Any CPU.ActiveCfg = Debug|Any CPU
		{5D0DAA7D-9615-BEF1-C55F-D1CE6222C748}.Debug|Any CPU.Build.0 = Debug|Any CPU
		{5D0DAA7D-9615-BEF1-C55F-D1CE6222C748}.Release|Any CPU.ActiveCfg = Release|Any CPU
		{5D0DAA7D-9615-BEF1-C55F-D1CE6222C748}.Release|Any CPU.Build.0 = Release|Any CPU
	EndGlobalSection
	GlobalSection(SolutionProperties) = preSolution
		HideSolutionNode = FALSE
	EndGlobalSection
EndGlobal
